// !$*UTF8*$!
{
	archiveVersion = 1;
	classes = {
	};
	objectVersion = 50;
	objects = {

/* Begin PBXBuildFile section */
		53D43DF02285BC5E00BE06FD /* AppDelegate.swift in Sources */ = {isa = PBXBuildFile; fileRef = 53D43DEF2285BC5E00BE06FD /* AppDelegate.swift */; };
		53D43DF52285BC5E00BE06FD /* Main.storyboard in Resources */ = {isa = PBXBuildFile; fileRef = 53D43DF32285BC5E00BE06FD /* Main.storyboard */; };
		53D43DF72285BC5F00BE06FD /* Assets.xcassets in Resources */ = {isa = PBXBuildFile; fileRef = 53D43DF62285BC5F00BE06FD /* Assets.xcassets */; };
		53D43DFA2285BC5F00BE06FD /* LaunchScreen.storyboard in Resources */ = {isa = PBXBuildFile; fileRef = 53D43DF82285BC5F00BE06FD /* LaunchScreen.storyboard */; };
		53D43E0E2285BE2500BE06FD /* Recipe.swift in Sources */ = {isa = PBXBuildFile; fileRef = 53D43E0D2285BE2500BE06FD /* Recipe.swift */; };
		53D43E102285BF6F00BE06FD /* RecipesViewModel.swift in Sources */ = {isa = PBXBuildFile; fileRef = 53D43E0F2285BF6F00BE06FD /* RecipesViewModel.swift */; };
		53D43E122285BF9500BE06FD /* RecipesDataSource.swift in Sources */ = {isa = PBXBuildFile; fileRef = 53D43E112285BF9500BE06FD /* RecipesDataSource.swift */; };
		53D43E142285C19200BE06FD /* NetworkDelegate.swift in Sources */ = {isa = PBXBuildFile; fileRef = 53D43E132285C19200BE06FD /* NetworkDelegate.swift */; };
		53D43E182285C1F800BE06FD /* SharedViewController.swift in Sources */ = {isa = PBXBuildFile; fileRef = 53D43E172285C1F800BE06FD /* SharedViewController.swift */; };
		53D43E1A2285C35700BE06FD /* RecipesViewController.swift in Sources */ = {isa = PBXBuildFile; fileRef = 53D43E192285C35700BE06FD /* RecipesViewController.swift */; };
		53D43E1E2285D23F00BE06FD /* JHeader.swift in Sources */ = {isa = PBXBuildFile; fileRef = 53D43E1D2285D23F00BE06FD /* JHeader.swift */; };
		53D43E202285DA9500BE06FD /* Constants.swift in Sources */ = {isa = PBXBuildFile; fileRef = 53D43E1F2285DA9500BE06FD /* Constants.swift */; };
		53D43E232285DCDD00BE06FD /* RecipeCollectionViewCell.swift in Sources */ = {isa = PBXBuildFile; fileRef = 53D43E212285DCDD00BE06FD /* RecipeCollectionViewCell.swift */; };
		53D43E242285DCDD00BE06FD /* RecipeCollectionViewCell.xib in Resources */ = {isa = PBXBuildFile; fileRef = 53D43E222285DCDD00BE06FD /* RecipeCollectionViewCell.xib */; };
		53D43E2A2285F54F00BE06FD /* Ingredient.swift in Sources */ = {isa = PBXBuildFile; fileRef = 53D43E292285F54F00BE06FD /* Ingredient.swift */; };
		61E27B0F14879AE6D9FABD86 /* Pods_BadiTechTest.framework in Frameworks */ = {isa = PBXBuildFile; fileRef = 7FAD393A903F15AB74B33530 /* Pods_BadiTechTest.framework */; };
/* End PBXBuildFile section */

/* Begin PBXFileReference section */
		53D43DEC2285BC5E00BE06FD /* BadiTechTest.app */ = {isa = PBXFileReference; explicitFileType = wrapper.application; includeInIndex = 0; path = BadiTechTest.app; sourceTree = BUILT_PRODUCTS_DIR; };
		53D43DEF2285BC5E00BE06FD /* AppDelegate.swift */ = {isa = PBXFileReference; lastKnownFileType = sourcecode.swift; path = AppDelegate.swift; sourceTree = "<group>"; };
		53D43DF42285BC5E00BE06FD /* Base */ = {isa = PBXFileReference; lastKnownFileType = file.storyboard; name = Base; path = Base.lproj/Main.storyboard; sourceTree = "<group>"; };
		53D43DF62285BC5F00BE06FD /* Assets.xcassets */ = {isa = PBXFileReference; lastKnownFileType = folder.assetcatalog; path = Assets.xcassets; sourceTree = "<group>"; };
		53D43DF92285BC5F00BE06FD /* Base */ = {isa = PBXFileReference; lastKnownFileType = file.storyboard; name = Base; path = Base.lproj/LaunchScreen.storyboard; sourceTree = "<group>"; };
		53D43DFB2285BC5F00BE06FD /* Info.plist */ = {isa = PBXFileReference; lastKnownFileType = text.plist.xml; path = Info.plist; sourceTree = "<group>"; };
		53D43E0D2285BE2500BE06FD /* Recipe.swift */ = {isa = PBXFileReference; lastKnownFileType = sourcecode.swift; path = Recipe.swift; sourceTree = "<group>"; };
		53D43E0F2285BF6F00BE06FD /* RecipesViewModel.swift */ = {isa = PBXFileReference; lastKnownFileType = sourcecode.swift; path = RecipesViewModel.swift; sourceTree = "<group>"; };
		53D43E112285BF9500BE06FD /* RecipesDataSource.swift */ = {isa = PBXFileReference; lastKnownFileType = sourcecode.swift; path = RecipesDataSource.swift; sourceTree = "<group>"; };
		53D43E132285C19200BE06FD /* NetworkDelegate.swift */ = {isa = PBXFileReference; lastKnownFileType = sourcecode.swift; path = NetworkDelegate.swift; sourceTree = "<group>"; };
		53D43E172285C1F800BE06FD /* SharedViewController.swift */ = {isa = PBXFileReference; lastKnownFileType = sourcecode.swift; path = SharedViewController.swift; sourceTree = "<group>"; };
		53D43E192285C35700BE06FD /* RecipesViewController.swift */ = {isa = PBXFileReference; lastKnownFileType = sourcecode.swift; path = RecipesViewController.swift; sourceTree = "<group>"; };
		53D43E1D2285D23F00BE06FD /* JHeader.swift */ = {isa = PBXFileReference; lastKnownFileType = sourcecode.swift; path = JHeader.swift; sourceTree = "<group>"; };
		53D43E1F2285DA9500BE06FD /* Constants.swift */ = {isa = PBXFileReference; lastKnownFileType = sourcecode.swift; path = Constants.swift; sourceTree = "<group>"; };
		53D43E212285DCDD00BE06FD /* RecipeCollectionViewCell.swift */ = {isa = PBXFileReference; lastKnownFileType = sourcecode.swift; path = RecipeCollectionViewCell.swift; sourceTree = "<group>"; };
		53D43E222285DCDD00BE06FD /* RecipeCollectionViewCell.xib */ = {isa = PBXFileReference; lastKnownFileType = file.xib; path = RecipeCollectionViewCell.xib; sourceTree = "<group>"; };
		53D43E292285F54F00BE06FD /* Ingredient.swift */ = {isa = PBXFileReference; lastKnownFileType = sourcecode.swift; path = Ingredient.swift; sourceTree = "<group>"; };
		61AFBDA8CF55341A85EB8C51 /* Pods-BadiTechTest.release.xcconfig */ = {isa = PBXFileReference; includeInIndex = 1; lastKnownFileType = text.xcconfig; name = "Pods-BadiTechTest.release.xcconfig"; path = "Target Support Files/Pods-BadiTechTest/Pods-BadiTechTest.release.xcconfig"; sourceTree = "<group>"; };
		7FAD393A903F15AB74B33530 /* Pods_BadiTechTest.framework */ = {isa = PBXFileReference; explicitFileType = wrapper.framework; includeInIndex = 0; path = Pods_BadiTechTest.framework; sourceTree = BUILT_PRODUCTS_DIR; };
		BC2C90ECDCC80D8F607B45C6 /* Pods-BadiTechTest.debug.xcconfig */ = {isa = PBXFileReference; includeInIndex = 1; lastKnownFileType = text.xcconfig; name = "Pods-BadiTechTest.debug.xcconfig"; path = "Target Support Files/Pods-BadiTechTest/Pods-BadiTechTest.debug.xcconfig"; sourceTree = "<group>"; };
/* End PBXFileReference section */

/* Begin PBXFrameworksBuildPhase section */
		53D43DE92285BC5E00BE06FD /* Frameworks */ = {
			isa = PBXFrameworksBuildPhase;
			buildActionMask = 2147483647;
			files = (
				61E27B0F14879AE6D9FABD86 /* Pods_BadiTechTest.framework in Frameworks */,
			);
			runOnlyForDeploymentPostprocessing = 0;
		};
/* End PBXFrameworksBuildPhase section */

/* Begin PBXGroup section */
		2A6030C08B43D340757C647A /* Pods */ = {
			isa = PBXGroup;
			children = (
				BC2C90ECDCC80D8F607B45C6 /* Pods-BadiTechTest.debug.xcconfig */,
				61AFBDA8CF55341A85EB8C51 /* Pods-BadiTechTest.release.xcconfig */,
			);
			path = Pods;
			sourceTree = "<group>";
		};
		53D43DE32285BC5E00BE06FD = {
			isa = PBXGroup;
			children = (
				53D43DEE2285BC5E00BE06FD /* BadiTechTest */,
				53D43DED2285BC5E00BE06FD /* Products */,
				2A6030C08B43D340757C647A /* Pods */,
				BC51D232BB118CFC0865DD40 /* Frameworks */,
			);
			sourceTree = "<group>";
		};
		53D43DED2285BC5E00BE06FD /* Products */ = {
			isa = PBXGroup;
			children = (
				53D43DEC2285BC5E00BE06FD /* BadiTechTest.app */,
			);
			name = Products;
			sourceTree = "<group>";
		};
		53D43DEE2285BC5E00BE06FD /* BadiTechTest */ = {
			isa = PBXGroup;
			children = (
				53D43E012285BCB500BE06FD /* UserStories */,
				53D43E022285BCC800BE06FD /* Network */,
				53D43E032285BCD000BE06FD /* Entities */,
				53D43E052285BCDD00BE06FD /* Utils */,
				53D43E042285BCD600BE06FD /* Application */,
			);
			path = BadiTechTest;
			sourceTree = "<group>";
		};
		53D43E012285BCB500BE06FD /* UserStories */ = {
			isa = PBXGroup;
			children = (
				53D43E072285BD3C00BE06FD /* Recipes */,
			);
			path = UserStories;
			sourceTree = "<group>";
		};
		53D43E022285BCC800BE06FD /* Network */ = {
			isa = PBXGroup;
			children = (
				53D43E132285C19200BE06FD /* NetworkDelegate.swift */,
			);
			path = Network;
			sourceTree = "<group>";
		};
		53D43E032285BCD000BE06FD /* Entities */ = {
			isa = PBXGroup;
			children = (
				53D43E0D2285BE2500BE06FD /* Recipe.swift */,
				53D43E1D2285D23F00BE06FD /* JHeader.swift */,
				53D43E292285F54F00BE06FD /* Ingredient.swift */,
			);
			path = Entities;
			sourceTree = "<group>";
		};
		53D43E042285BCD600BE06FD /* Application */ = {
			isa = PBXGroup;
			children = (
				53D43DFB2285BC5F00BE06FD /* Info.plist */,
				53D43DF62285BC5F00BE06FD /* Assets.xcassets */,
				53D43DF82285BC5F00BE06FD /* LaunchScreen.storyboard */,
				53D43DEF2285BC5E00BE06FD /* AppDelegate.swift */,
			);
			path = Application;
			sourceTree = "<group>";
		};
		53D43E052285BCDD00BE06FD /* Utils */ = {
			isa = PBXGroup;
			children = (
				53D43E172285C1F800BE06FD /* SharedViewController.swift */,
				53D43E1F2285DA9500BE06FD /* Constants.swift */,
			);
			path = Utils;
			sourceTree = "<group>";
		};
		53D43E072285BD3C00BE06FD /* Recipes */ = {
			isa = PBXGroup;
			children = (
				53D43E082285BD4700BE06FD /* DataSources */,
				53D43E092285BD5200BE06FD /* ViewModels */,
				53D43E0A2285BD5B00BE06FD /* ViewControllers */,
				53D43E0B2285BD6400BE06FD /* Views */,
			);
			path = Recipes;
			sourceTree = "<group>";
		};
		53D43E082285BD4700BE06FD /* DataSources */ = {
			isa = PBXGroup;
			children = (
				53D43E112285BF9500BE06FD /* RecipesDataSource.swift */,
			);
			path = DataSources;
			sourceTree = "<group>";
		};
		53D43E092285BD5200BE06FD /* ViewModels */ = {
			isa = PBXGroup;
			children = (
				53D43E0F2285BF6F00BE06FD /* RecipesViewModel.swift */,
			);
			path = ViewModels;
			sourceTree = "<group>";
		};
		53D43E0A2285BD5B00BE06FD /* ViewControllers */ = {
			isa = PBXGroup;
			children = (
				53D43E192285C35700BE06FD /* RecipesViewController.swift */,
			);
			path = ViewControllers;
			sourceTree = "<group>";
		};
		53D43E0B2285BD6400BE06FD /* Views */ = {
			isa = PBXGroup;
			children = (
				53D43E0C2285BD8200BE06FD /* Cells */,
				53D43DF32285BC5E00BE06FD /* Main.storyboard */,
			);
			path = Views;
			sourceTree = "<group>";
		};
		53D43E0C2285BD8200BE06FD /* Cells */ = {
			isa = PBXGroup;
			children = (
				53D43E212285DCDD00BE06FD /* RecipeCollectionViewCell.swift */,
				53D43E222285DCDD00BE06FD /* RecipeCollectionViewCell.xib */,
			);
			path = Cells;
			sourceTree = "<group>";
		};
		BC51D232BB118CFC0865DD40 /* Frameworks */ = {
			isa = PBXGroup;
			children = (
				7FAD393A903F15AB74B33530 /* Pods_BadiTechTest.framework */,
			);
			name = Frameworks;
			sourceTree = "<group>";
		};
/* End PBXGroup section */

/* Begin PBXNativeTarget section */
		53D43DEB2285BC5E00BE06FD /* BadiTechTest */ = {
			isa = PBXNativeTarget;
			buildConfigurationList = 53D43DFE2285BC5F00BE06FD /* Build configuration list for PBXNativeTarget "BadiTechTest" */;
			buildPhases = (
				ADECDFA3E073D6F7A56AA142 /* [CP] Check Pods Manifest.lock */,
				53D43DE82285BC5E00BE06FD /* Sources */,
				53D43DE92285BC5E00BE06FD /* Frameworks */,
				53D43DEA2285BC5E00BE06FD /* Resources */,
				054C43BA373EDEF4F6B2E620 /* [CP] Embed Pods Frameworks */,
			);
			buildRules = (
			);
			dependencies = (
			);
			name = BadiTechTest;
			productName = BadiTechTest;
			productReference = 53D43DEC2285BC5E00BE06FD /* BadiTechTest.app */;
			productType = "com.apple.product-type.application";
		};
/* End PBXNativeTarget section */

/* Begin PBXProject section */
		53D43DE42285BC5E00BE06FD /* Project object */ = {
			isa = PBXProject;
			attributes = {
				LastSwiftUpdateCheck = 1000;
				LastUpgradeCheck = 1000;
				ORGANIZATIONNAME = "Sebastian Gelabert";
				TargetAttributes = {
					53D43DEB2285BC5E00BE06FD = {
						CreatedOnToolsVersion = 10.0;
					};
				};
			};
			buildConfigurationList = 53D43DE72285BC5E00BE06FD /* Build configuration list for PBXProject "BadiTechTest" */;
			compatibilityVersion = "Xcode 9.3";
			developmentRegion = en;
			hasScannedForEncodings = 0;
			knownRegions = (
				en,
				Base,
			);
			mainGroup = 53D43DE32285BC5E00BE06FD;
			productRefGroup = 53D43DED2285BC5E00BE06FD /* Products */;
			projectDirPath = "";
			projectRoot = "";
			targets = (
				53D43DEB2285BC5E00BE06FD /* BadiTechTest */,
			);
		};
/* End PBXProject section */

/* Begin PBXResourcesBuildPhase section */
		53D43DEA2285BC5E00BE06FD /* Resources */ = {
			isa = PBXResourcesBuildPhase;
			buildActionMask = 2147483647;
			files = (
				53D43E242285DCDD00BE06FD /* RecipeCollectionViewCell.xib in Resources */,
				53D43DFA2285BC5F00BE06FD /* LaunchScreen.storyboard in Resources */,
				53D43DF72285BC5F00BE06FD /* Assets.xcassets in Resources */,
				53D43DF52285BC5E00BE06FD /* Main.storyboard in Resources */,
			);
			runOnlyForDeploymentPostprocessing = 0;
		};
/* End PBXResourcesBuildPhase section */

/* Begin PBXShellScriptBuildPhase section */
		054C43BA373EDEF4F6B2E620 /* [CP] Embed Pods Frameworks */ = {
			isa = PBXShellScriptBuildPhase;
			buildActionMask = 2147483647;
			files = (
			);
			inputFileListPaths = (
			);
			inputPaths = (
				"${PODS_ROOT}/Target Support Files/Pods-BadiTechTest/Pods-BadiTechTest-frameworks.sh",
				"${BUILT_PRODUCTS_DIR}/Kingfisher/Kingfisher.framework",
			);
			name = "[CP] Embed Pods Frameworks";
			outputFileListPaths = (
			);
			outputPaths = (
				"${TARGET_BUILD_DIR}/${FRAMEWORKS_FOLDER_PATH}/Kingfisher.framework",
			);
			runOnlyForDeploymentPostprocessing = 0;
			shellPath = /bin/sh;
			shellScript = "\"${PODS_ROOT}/Target Support Files/Pods-BadiTechTest/Pods-BadiTechTest-frameworks.sh\"\n";
			showEnvVarsInLog = 0;
		};
		ADECDFA3E073D6F7A56AA142 /* [CP] Check Pods Manifest.lock */ = {
			isa = PBXShellScriptBuildPhase;
			buildActionMask = 2147483647;
			files = (
			);
			inputFileListPaths = (
			);
			inputPaths = (
				"${PODS_PODFILE_DIR_PATH}/Podfile.lock",
				"${PODS_ROOT}/Manifest.lock",
			);
			name = "[CP] Check Pods Manifest.lock";
			outputFileListPaths = (
			);
			outputPaths = (
				"$(DERIVED_FILE_DIR)/Pods-BadiTechTest-checkManifestLockResult.txt",
			);
			runOnlyForDeploymentPostprocessing = 0;
			shellPath = /bin/sh;
			shellScript = "diff \"${PODS_PODFILE_DIR_PATH}/Podfile.lock\" \"${PODS_ROOT}/Manifest.lock\" > /dev/null\nif [ $? != 0 ] ; then\n    # print error to STDERR\n    echo \"error: The sandbox is not in sync with the Podfile.lock. Run 'pod install' or update your CocoaPods installation.\" >&2\n    exit 1\nfi\n# This output is used by Xcode 'outputs' to avoid re-running this script phase.\necho \"SUCCESS\" > \"${SCRIPT_OUTPUT_FILE_0}\"\n";
			showEnvVarsInLog = 0;
		};
/* End PBXShellScriptBuildPhase section */

/* Begin PBXSourcesBuildPhase section */
		53D43DE82285BC5E00BE06FD /* Sources */ = {
			isa = PBXSourcesBuildPhase;
			buildActionMask = 2147483647;
			files = (
				53D43E1A2285C35700BE06FD /* RecipesViewController.swift in Sources */,
				53D43E102285BF6F00BE06FD /* RecipesViewModel.swift in Sources */,
				53D43E232285DCDD00BE06FD /* RecipeCollectionViewCell.swift in Sources */,
				53D43E1E2285D23F00BE06FD /* JHeader.swift in Sources */,
				53D43E122285BF9500BE06FD /* RecipesDataSource.swift in Sources */,
				53D43E142285C19200BE06FD /* NetworkDelegate.swift in Sources */,
				53D43E182285C1F800BE06FD /* SharedViewController.swift in Sources */,
				53D43E0E2285BE2500BE06FD /* Recipe.swift in Sources */,
				53D43DF02285BC5E00BE06FD /* AppDelegate.swift in Sources */,
				53D43E202285DA9500BE06FD /* Constants.swift in Sources */,
				53D43E2A2285F54F00BE06FD /* Ingredient.swift in Sources */,
			);
			runOnlyForDeploymentPostprocessing = 0;
		};
/* End PBXSourcesBuildPhase section */

/* Begin PBXVariantGroup section */
		53D43DF32285BC5E00BE06FD /* Main.storyboard */ = {
			isa = PBXVariantGroup;
			children = (
				53D43DF42285BC5E00BE06FD /* Base */,
			);
			name = Main.storyboard;
			sourceTree = "<group>";
		};
		53D43DF82285BC5F00BE06FD /* LaunchScreen.storyboard */ = {
			isa = PBXVariantGroup;
			children = (
				53D43DF92285BC5F00BE06FD /* Base */,
			);
			name = LaunchScreen.storyboard;
			sourceTree = "<group>";
		};
/* End PBXVariantGroup section */

/* Begin XCBuildConfiguration section */
		53D43DFC2285BC5F00BE06FD /* Debug */ = {
			isa = XCBuildConfiguration;
			buildSettings = {
				ALWAYS_SEARCH_USER_PATHS = NO;
				CLANG_ANALYZER_NONNULL = YES;
				CLANG_ANALYZER_NUMBER_OBJECT_CONVERSION = YES_AGGRESSIVE;
				CLANG_CXX_LANGUAGE_STANDARD = "gnu++14";
				CLANG_CXX_LIBRARY = "libc++";
				CLANG_ENABLE_MODULES = YES;
				CLANG_ENABLE_OBJC_ARC = YES;
				CLANG_ENABLE_OBJC_WEAK = YES;
				CLANG_WARN_BLOCK_CAPTURE_AUTORELEASING = YES;
				CLANG_WARN_BOOL_CONVERSION = YES;
				CLANG_WARN_COMMA = YES;
				CLANG_WARN_CONSTANT_CONVERSION = YES;
				CLANG_WARN_DEPRECATED_OBJC_IMPLEMENTATIONS = YES;
				CLANG_WARN_DIRECT_OBJC_ISA_USAGE = YES_ERROR;
				CLANG_WARN_DOCUMENTATION_COMMENTS = YES;
				CLANG_WARN_EMPTY_BODY = YES;
				CLANG_WARN_ENUM_CONVERSION = YES;
				CLANG_WARN_INFINITE_RECURSION = YES;
				CLANG_WARN_INT_CONVERSION = YES;
				CLANG_WARN_NON_LITERAL_NULL_CONVERSION = YES;
				CLANG_WARN_OBJC_IMPLICIT_RETAIN_SELF = YES;
				CLANG_WARN_OBJC_LITERAL_CONVERSION = YES;
				CLANG_WARN_OBJC_ROOT_CLASS = YES_ERROR;
				CLANG_WARN_RANGE_LOOP_ANALYSIS = YES;
				CLANG_WARN_STRICT_PROTOTYPES = YES;
				CLANG_WARN_SUSPICIOUS_MOVE = YES;
				CLANG_WARN_UNGUARDED_AVAILABILITY = YES_AGGRESSIVE;
				CLANG_WARN_UNREACHABLE_CODE = YES;
				CLANG_WARN__DUPLICATE_METHOD_MATCH = YES;
				CODE_SIGN_IDENTITY = "iPhone Developer";
				COPY_PHASE_STRIP = NO;
				DEBUG_INFORMATION_FORMAT = dwarf;
				ENABLE_STRICT_OBJC_MSGSEND = YES;
				ENABLE_TESTABILITY = YES;
				GCC_C_LANGUAGE_STANDARD = gnu11;
				GCC_DYNAMIC_NO_PIC = NO;
				GCC_NO_COMMON_BLOCKS = YES;
				GCC_OPTIMIZATION_LEVEL = 0;
				GCC_PREPROCESSOR_DEFINITIONS = (
					"DEBUG=1",
					"$(inherited)",
				);
				GCC_WARN_64_TO_32_BIT_CONVERSION = YES;
				GCC_WARN_ABOUT_RETURN_TYPE = YES_ERROR;
				GCC_WARN_UNDECLARED_SELECTOR = YES;
				GCC_WARN_UNINITIALIZED_AUTOS = YES_AGGRESSIVE;
				GCC_WARN_UNUSED_FUNCTION = YES;
				GCC_WARN_UNUSED_VARIABLE = YES;
				IPHONEOS_DEPLOYMENT_TARGET = 12.0;
				MTL_ENABLE_DEBUG_INFO = INCLUDE_SOURCE;
				MTL_FAST_MATH = YES;
				ONLY_ACTIVE_ARCH = YES;
				SDKROOT = iphoneos;
				SWIFT_ACTIVE_COMPILATION_CONDITIONS = DEBUG;
				SWIFT_OPTIMIZATION_LEVEL = "-Onone";
			};
			name = Debug;
		};
		53D43DFD2285BC5F00BE06FD /* Release */ = {
			isa = XCBuildConfiguration;
			buildSettings = {
				ALWAYS_SEARCH_USER_PATHS = NO;
				CLANG_ANALYZER_NONNULL = YES;
				CLANG_ANALYZER_NUMBER_OBJECT_CONVERSION = YES_AGGRESSIVE;
				CLANG_CXX_LANGUAGE_STANDARD = "gnu++14";
				CLANG_CXX_LIBRARY = "libc++";
				CLANG_ENABLE_MODULES = YES;
				CLANG_ENABLE_OBJC_ARC = YES;
				CLANG_ENABLE_OBJC_WEAK = YES;
				CLANG_WARN_BLOCK_CAPTURE_AUTORELEASING = YES;
				CLANG_WARN_BOOL_CONVERSION = YES;
				CLANG_WARN_COMMA = YES;
				CLANG_WARN_CONSTANT_CONVERSION = YES;
				CLANG_WARN_DEPRECATED_OBJC_IMPLEMENTATIONS = YES;
				CLANG_WARN_DIRECT_OBJC_ISA_USAGE = YES_ERROR;
				CLANG_WARN_DOCUMENTATION_COMMENTS = YES;
				CLANG_WARN_EMPTY_BODY = YES;
				CLANG_WARN_ENUM_CONVERSION = YES;
				CLANG_WARN_INFINITE_RECURSION = YES;
				CLANG_WARN_INT_CONVERSION = YES;
				CLANG_WARN_NON_LITERAL_NULL_CONVERSION = YES;
				CLANG_WARN_OBJC_IMPLICIT_RETAIN_SELF = YES;
				CLANG_WARN_OBJC_LITERAL_CONVERSION = YES;
				CLANG_WARN_OBJC_ROOT_CLASS = YES_ERROR;
				CLANG_WARN_RANGE_LOOP_ANALYSIS = YES;
				CLANG_WARN_STRICT_PROTOTYPES = YES;
				CLANG_WARN_SUSPICIOUS_MOVE = YES;
				CLANG_WARN_UNGUARDED_AVAILABILITY = YES_AGGRESSIVE;
				CLANG_WARN_UNREACHABLE_CODE = YES;
				CLANG_WARN__DUPLICATE_METHOD_MATCH = YES;
				CODE_SIGN_IDENTITY = "iPhone Developer";
				COPY_PHASE_STRIP = NO;
				DEBUG_INFORMATION_FORMAT = "dwarf-with-dsym";
				ENABLE_NS_ASSERTIONS = NO;
				ENABLE_STRICT_OBJC_MSGSEND = YES;
				GCC_C_LANGUAGE_STANDARD = gnu11;
				GCC_NO_COMMON_BLOCKS = YES;
				GCC_WARN_64_TO_32_BIT_CONVERSION = YES;
				GCC_WARN_ABOUT_RETURN_TYPE = YES_ERROR;
				GCC_WARN_UNDECLARED_SELECTOR = YES;
				GCC_WARN_UNINITIALIZED_AUTOS = YES_AGGRESSIVE;
				GCC_WARN_UNUSED_FUNCTION = YES;
				GCC_WARN_UNUSED_VARIABLE = YES;
				IPHONEOS_DEPLOYMENT_TARGET = 12.0;
				MTL_ENABLE_DEBUG_INFO = NO;
				MTL_FAST_MATH = YES;
				SDKROOT = iphoneos;
				SWIFT_COMPILATION_MODE = wholemodule;
				SWIFT_OPTIMIZATION_LEVEL = "-O";
				VALIDATE_PRODUCT = YES;
			};
			name = Release;
		};
		53D43DFF2285BC5F00BE06FD /* Debug */ = {
			isa = XCBuildConfiguration;
			baseConfigurationReference = BC2C90ECDCC80D8F607B45C6 /* Pods-BadiTechTest.debug.xcconfig */;
			buildSettings = {
				ASSETCATALOG_COMPILER_APPICON_NAME = AppIcon;
				CODE_SIGN_STYLE = Automatic;
				INFOPLIST_FILE = "$(SRCROOT)/BadiTechTest/Application/Info.plist";
				LD_RUNPATH_SEARCH_PATHS = (
					"$(inherited)",
					"@executable_path/Frameworks",
				);
				PRODUCT_BUNDLE_IDENTIFIER = skillsTest.BadiTechTest;
				PRODUCT_NAME = "$(TARGET_NAME)";
				SWIFT_VERSION = 4.2;
				TARGETED_DEVICE_FAMILY = "1,2";
			};
			name = Debug;
		};
		53D43E002285BC5F00BE06FD /* Release */ = {
			isa = XCBuildConfiguration;
			baseConfigurationReference = 61AFBDA8CF55341A85EB8C51 /* Pods-BadiTechTest.release.xcconfig */;
			buildSettings = {
				ASSETCATALOG_COMPILER_APPICON_NAME = AppIcon;
				CODE_SIGN_STYLE = Automatic;
				INFOPLIST_FILE = "$(SRCROOT)/BadiTechTest/Application/Info.plist";
				LD_RUNPATH_SEARCH_PATHS = (
					"$(inherited)",
					"@executable_path/Frameworks",
				);
				PRODUCT_BUNDLE_IDENTIFIER = skillsTest.BadiTechTest;
				PRODUCT_NAME = "$(TARGET_NAME)";
				SWIFT_VERSION = 4.2;
				TARGETED_DEVICE_FAMILY = "1,2";
			};
			name = Release;
		};
/* End XCBuildConfiguration section */

/* Begin XCConfigurationList section */
		53D43DE72285BC5E00BE06FD /* Build configuration list for PBXProject "BadiTechTest" */ = {
			isa = XCConfigurationList;
			buildConfigurations = (
				53D43DFC2285BC5F00BE06FD /* Debug */,
				53D43DFD2285BC5F00BE06FD /* Release */,
			);
			defaultConfigurationIsVisible = 0;
			defaultConfigurationName = Release;
		};
		53D43DFE2285BC5F00BE06FD /* Build configuration list for PBXNativeTarget "BadiTechTest" */ = {
			isa = XCConfigurationList;
			buildConfigurations = (
				53D43DFF2285BC5F00BE06FD /* Debug */,
				53D43E002285BC5F00BE06FD /* Release */,
			);
			defaultConfigurationIsVisible = 0;
			defaultConfigurationName = Release;
		};
/* End XCConfigurationList section */
	};
	rootObject = 53D43DE42285BC5E00BE06FD /* Project object */;
}
